// !$*UTF8*$!
{
	archiveVersion = 1;
	classes = {
	};
	objectVersion = 50;
	objects = {

/* Begin PBXBuildFile section */
		535A73FF62FBE4731A98CD32 /* Pods_PetIT.framework in Frameworks */ = {isa = PBXBuildFile; fileRef = 12522489E72FFE4E0F3A40D7 /* Pods_PetIT.framework */; };
		97BC15DA224BFDD6002AE952 /* GoogleService-Info.plist in Resources */ = {isa = PBXBuildFile; fileRef = 97BC15D9224BFDD6002AE952 /* GoogleService-Info.plist */; };
		97CC5108224BD9BA00ABBEBA /* AppDelegate.swift in Sources */ = {isa = PBXBuildFile; fileRef = 97CC5107224BD9BA00ABBEBA /* AppDelegate.swift */; };
		97CC510D224BD9BA00ABBEBA /* Main.storyboard in Resources */ = {isa = PBXBuildFile; fileRef = 97CC510B224BD9BA00ABBEBA /* Main.storyboard */; };
		97CC510F224BD9BE00ABBEBA /* Assets.xcassets in Resources */ = {isa = PBXBuildFile; fileRef = 97CC510E224BD9BE00ABBEBA /* Assets.xcassets */; };
		97CC5112224BD9BE00ABBEBA /* LaunchScreen.storyboard in Resources */ = {isa = PBXBuildFile; fileRef = 97CC5110224BD9BE00ABBEBA /* LaunchScreen.storyboard */; };
		97CC5124224BDD8300ABBEBA /* TabBarViewController.swift in Sources */ = {isa = PBXBuildFile; fileRef = 97CC5123224BDD8300ABBEBA /* TabBarViewController.swift */; };
		97CC5126224BDDC700ABBEBA /* ProfileViewController.swift in Sources */ = {isa = PBXBuildFile; fileRef = 97CC5125224BDDC700ABBEBA /* ProfileViewController.swift */; };
		97CC5128224BDE1A00ABBEBA /* CreateAccountViewController.swift in Sources */ = {isa = PBXBuildFile; fileRef = 97CC5127224BDE1A00ABBEBA /* CreateAccountViewController.swift */; };
		97CC512A224BDE2C00ABBEBA /* LoginViewController.swift in Sources */ = {isa = PBXBuildFile; fileRef = 97CC5129224BDE2C00ABBEBA /* LoginViewController.swift */; };
		97CC512C224BDE7400ABBEBA /* MapViewController.swift in Sources */ = {isa = PBXBuildFile; fileRef = 97CC512B224BDE7400ABBEBA /* MapViewController.swift */; };
		97CC512E224BDF2B00ABBEBA /* LoginView.storyboard in Resources */ = {isa = PBXBuildFile; fileRef = 97CC512D224BDF2B00ABBEBA /* LoginView.storyboard */; };
		97CC5132224BDFC200ABBEBA /* Date+Extensions.swift in Sources */ = {isa = PBXBuildFile; fileRef = 97CC5131224BDFC200ABBEBA /* Date+Extensions.swift */; };
		97CC5134224BDFE600ABBEBA /* String+Date.swift in Sources */ = {isa = PBXBuildFile; fileRef = 97CC5133224BDFE600ABBEBA /* String+Date.swift */; };
		97CC5136224BE06F00ABBEBA /* UIViewController+Navigation.swift in Sources */ = {isa = PBXBuildFile; fileRef = 97CC5135224BE06F00ABBEBA /* UIViewController+Navigation.swift */; };
		97CC5138224BE10E00ABBEBA /* UIViewController+Alert.swift in Sources */ = {isa = PBXBuildFile; fileRef = 97CC5137224BE10E00ABBEBA /* UIViewController+Alert.swift */; };
		97CC513A224BE1A100ABBEBA /* StorageService.swift in Sources */ = {isa = PBXBuildFile; fileRef = 97CC5139224BE1A100ABBEBA /* StorageService.swift */; };
		97CC513C224BE20100ABBEBA /* MapPostDetailViewController.swift in Sources */ = {isa = PBXBuildFile; fileRef = 97CC513B224BE20100ABBEBA /* MapPostDetailViewController.swift */; };
		97CC513E224BE3D400ABBEBA /* EditProfileViewController.swift in Sources */ = {isa = PBXBuildFile; fileRef = 97CC513D224BE3D400ABBEBA /* EditProfileViewController.swift */; };
		97CC5140224BE3F100ABBEBA /* PostingDetailViewController.swift in Sources */ = {isa = PBXBuildFile; fileRef = 97CC513F224BE3F100ABBEBA /* PostingDetailViewController.swift */; };
/* End PBXBuildFile section */

/* Begin PBXFileReference section */
		12522489E72FFE4E0F3A40D7 /* Pods_PetIT.framework */ = {isa = PBXFileReference; explicitFileType = wrapper.framework; includeInIndex = 0; path = Pods_PetIT.framework; sourceTree = BUILT_PRODUCTS_DIR; };
		3538685A5C69D9751B93A884 /* Pods-PetIT.release.xcconfig */ = {isa = PBXFileReference; includeInIndex = 1; lastKnownFileType = text.xcconfig; name = "Pods-PetIT.release.xcconfig"; path = "Target Support Files/Pods-PetIT/Pods-PetIT.release.xcconfig"; sourceTree = "<group>"; };
		91F7D1F91D5D5338A9CDCB33 /* Pods-PetIT.debug.xcconfig */ = {isa = PBXFileReference; includeInIndex = 1; lastKnownFileType = text.xcconfig; name = "Pods-PetIT.debug.xcconfig"; path = "Target Support Files/Pods-PetIT/Pods-PetIT.debug.xcconfig"; sourceTree = "<group>"; };
		97BC15D9224BFDD6002AE952 /* GoogleService-Info.plist */ = {isa = PBXFileReference; fileEncoding = 4; lastKnownFileType = text.plist.xml; path = "GoogleService-Info.plist"; sourceTree = "<group>"; };
		97CC5104224BD9BA00ABBEBA /* PetIT.app */ = {isa = PBXFileReference; explicitFileType = wrapper.application; includeInIndex = 0; path = PetIT.app; sourceTree = BUILT_PRODUCTS_DIR; };
		97CC5107224BD9BA00ABBEBA /* AppDelegate.swift */ = {isa = PBXFileReference; lastKnownFileType = sourcecode.swift; path = AppDelegate.swift; sourceTree = "<group>"; };
		97CC510C224BD9BA00ABBEBA /* Base */ = {isa = PBXFileReference; lastKnownFileType = file.storyboard; name = Base; path = Base.lproj/Main.storyboard; sourceTree = "<group>"; };
		97CC510E224BD9BE00ABBEBA /* Assets.xcassets */ = {isa = PBXFileReference; lastKnownFileType = folder.assetcatalog; path = Assets.xcassets; sourceTree = "<group>"; };
		97CC5111224BD9BE00ABBEBA /* Base */ = {isa = PBXFileReference; lastKnownFileType = file.storyboard; name = Base; path = Base.lproj/LaunchScreen.storyboard; sourceTree = "<group>"; };
		97CC5113224BD9BE00ABBEBA /* Info.plist */ = {isa = PBXFileReference; lastKnownFileType = text.plist.xml; path = Info.plist; sourceTree = "<group>"; };
		97CC5123224BDD8300ABBEBA /* TabBarViewController.swift */ = {isa = PBXFileReference; lastKnownFileType = sourcecode.swift; path = TabBarViewController.swift; sourceTree = "<group>"; };
		97CC5125224BDDC700ABBEBA /* ProfileViewController.swift */ = {isa = PBXFileReference; lastKnownFileType = sourcecode.swift; path = ProfileViewController.swift; sourceTree = "<group>"; };
		97CC5127224BDE1A00ABBEBA /* CreateAccountViewController.swift */ = {isa = PBXFileReference; lastKnownFileType = sourcecode.swift; path = CreateAccountViewController.swift; sourceTree = "<group>"; };
		97CC5129224BDE2C00ABBEBA /* LoginViewController.swift */ = {isa = PBXFileReference; lastKnownFileType = sourcecode.swift; path = LoginViewController.swift; sourceTree = "<group>"; };
		97CC512B224BDE7400ABBEBA /* MapViewController.swift */ = {isa = PBXFileReference; lastKnownFileType = sourcecode.swift; path = MapViewController.swift; sourceTree = "<group>"; };
		97CC512D224BDF2B00ABBEBA /* LoginView.storyboard */ = {isa = PBXFileReference; lastKnownFileType = file.storyboard; path = LoginView.storyboard; sourceTree = "<group>"; };
		97CC5131224BDFC200ABBEBA /* Date+Extensions.swift */ = {isa = PBXFileReference; lastKnownFileType = sourcecode.swift; path = "Date+Extensions.swift"; sourceTree = "<group>"; };
		97CC5133224BDFE600ABBEBA /* String+Date.swift */ = {isa = PBXFileReference; lastKnownFileType = sourcecode.swift; path = "String+Date.swift"; sourceTree = "<group>"; };
		97CC5135224BE06F00ABBEBA /* UIViewController+Navigation.swift */ = {isa = PBXFileReference; lastKnownFileType = sourcecode.swift; path = "UIViewController+Navigation.swift"; sourceTree = "<group>"; };
		97CC5137224BE10E00ABBEBA /* UIViewController+Alert.swift */ = {isa = PBXFileReference; lastKnownFileType = sourcecode.swift; path = "UIViewController+Alert.swift"; sourceTree = "<group>"; };
		97CC5139224BE1A100ABBEBA /* StorageService.swift */ = {isa = PBXFileReference; lastKnownFileType = sourcecode.swift; path = StorageService.swift; sourceTree = "<group>"; };
		97CC513B224BE20100ABBEBA /* MapPostDetailViewController.swift */ = {isa = PBXFileReference; lastKnownFileType = sourcecode.swift; path = MapPostDetailViewController.swift; sourceTree = "<group>"; };
		97CC513D224BE3D400ABBEBA /* EditProfileViewController.swift */ = {isa = PBXFileReference; lastKnownFileType = sourcecode.swift; path = EditProfileViewController.swift; sourceTree = "<group>"; };
		97CC513F224BE3F100ABBEBA /* PostingDetailViewController.swift */ = {isa = PBXFileReference; lastKnownFileType = sourcecode.swift; path = PostingDetailViewController.swift; sourceTree = "<group>"; };
/* End PBXFileReference section */

/* Begin PBXFrameworksBuildPhase section */
		97CC5101224BD9BA00ABBEBA /* Frameworks */ = {
			isa = PBXFrameworksBuildPhase;
			buildActionMask = 2147483647;
			files = (
				535A73FF62FBE4731A98CD32 /* Pods_PetIT.framework in Frameworks */,
			);
			runOnlyForDeploymentPostprocessing = 0;
		};
/* End PBXFrameworksBuildPhase section */

/* Begin PBXGroup section */
		13A89A6F2D0458DD43550891 /* Pods */ = {
			isa = PBXGroup;
			children = (
				91F7D1F91D5D5338A9CDCB33 /* Pods-PetIT.debug.xcconfig */,
				3538685A5C69D9751B93A884 /* Pods-PetIT.release.xcconfig */,
			);
			path = Pods;
			sourceTree = "<group>";
		};
		642A179A53346796255DB68B /* Frameworks */ = {
			isa = PBXGroup;
			children = (
				12522489E72FFE4E0F3A40D7 /* Pods_PetIT.framework */,
			);
			name = Frameworks;
			sourceTree = "<group>";
		};
		97CC50FB224BD9BA00ABBEBA = {
			isa = PBXGroup;
			children = (
				97CC5106224BD9BA00ABBEBA /* PetIT */,
				97CC5105224BD9BA00ABBEBA /* Products */,
				13A89A6F2D0458DD43550891 /* Pods */,
				642A179A53346796255DB68B /* Frameworks */,
			);
			sourceTree = "<group>";
		};
		97CC5105224BD9BA00ABBEBA /* Products */ = {
			isa = PBXGroup;
			children = (
				97CC5104224BD9BA00ABBEBA /* PetIT.app */,
			);
			name = Products;
			sourceTree = "<group>";
		};
		97CC5106224BD9BA00ABBEBA /* PetIT */ = {
			isa = PBXGroup;
			children = (
				97CC511F224BDCB600ABBEBA /* Utilities */,
				97CC511E224BDCAD00ABBEBA /* Extensions */,
				97CC511D224BDC9900ABBEBA /* Firebase Helpers */,
				97CC511A224BDC6A00ABBEBA /* Models */,
				97CC511C224BDC8C00ABBEBA /* Views */,
				97CC5119224BDC5800ABBEBA /* Controllers */,
				97CC511B224BDC8000ABBEBA /* Storyboards */,
				97CC5107224BD9BA00ABBEBA /* AppDelegate.swift */,
				97CC510E224BD9BE00ABBEBA /* Assets.xcassets */,
				97CC5110224BD9BE00ABBEBA /* LaunchScreen.storyboard */,
				97CC5113224BD9BE00ABBEBA /* Info.plist */,
				97BC15D9224BFDD6002AE952 /* GoogleService-Info.plist */,
			);
			path = PetIT;
			sourceTree = "<group>";
		};
		97CC5119224BDC5800ABBEBA /* Controllers */ = {
			isa = PBXGroup;
			children = (
				97CC5122224BDCF500ABBEBA /* Map View Controllers */,
				97CC5121224BDCDE00ABBEBA /* Profile View Controllers */,
				97CC5120224BDCCF00ABBEBA /* Account Login Controllers */,
				97CC5123224BDD8300ABBEBA /* TabBarViewController.swift */,
			);
			path = Controllers;
			sourceTree = "<group>";
		};
		97CC511A224BDC6A00ABBEBA /* Models */ = {
			isa = PBXGroup;
			children = (
			);
			path = Models;
			sourceTree = "<group>";
		};
		97CC511B224BDC8000ABBEBA /* Storyboards */ = {
			isa = PBXGroup;
			children = (
				97CC510B224BD9BA00ABBEBA /* Main.storyboard */,
				97CC512D224BDF2B00ABBEBA /* LoginView.storyboard */,
			);
			path = Storyboards;
			sourceTree = "<group>";
		};
		97CC511C224BDC8C00ABBEBA /* Views */ = {
			isa = PBXGroup;
			children = (
			);
			path = Views;
			sourceTree = "<group>";
		};
		97CC511D224BDC9900ABBEBA /* Firebase Helpers */ = {
			isa = PBXGroup;
			children = (
				97CC5139224BE1A100ABBEBA /* StorageService.swift */,
			);
			path = "Firebase Helpers";
			sourceTree = "<group>";
		};
		97CC511E224BDCAD00ABBEBA /* Extensions */ = {
			isa = PBXGroup;
			children = (
				97CC5130224BDF7700ABBEBA /* UIViewController Extensions */,
				97CC512F224BDF6900ABBEBA /* Date Extensions */,
			);
			path = Extensions;
			sourceTree = "<group>";
		};
		97CC511F224BDCB600ABBEBA /* Utilities */ = {
			isa = PBXGroup;
			children = (
			);
			path = Utilities;
			sourceTree = "<group>";
		};
		97CC5120224BDCCF00ABBEBA /* Account Login Controllers */ = {
			isa = PBXGroup;
			children = (
				97CC5127224BDE1A00ABBEBA /* CreateAccountViewController.swift */,
				97CC5129224BDE2C00ABBEBA /* LoginViewController.swift */,
			);
			path = "Account Login Controllers";
			sourceTree = "<group>";
		};
		97CC5121224BDCDE00ABBEBA /* Profile View Controllers */ = {
			isa = PBXGroup;
			children = (
				97CC5125224BDDC700ABBEBA /* ProfileViewController.swift */,
				97CC513D224BE3D400ABBEBA /* EditProfileViewController.swift */,
			);
			path = "Profile View Controllers";
			sourceTree = "<group>";
		};
		97CC5122224BDCF500ABBEBA /* Map View Controllers */ = {
			isa = PBXGroup;
			children = (
				97CC512B224BDE7400ABBEBA /* MapViewController.swift */,
				97CC513B224BE20100ABBEBA /* MapPostDetailViewController.swift */,
				97CC513F224BE3F100ABBEBA /* PostingDetailViewController.swift */,
			);
			path = "Map View Controllers";
			sourceTree = "<group>";
		};
		97CC512F224BDF6900ABBEBA /* Date Extensions */ = {
			isa = PBXGroup;
			children = (
				97CC5131224BDFC200ABBEBA /* Date+Extensions.swift */,
				97CC5133224BDFE600ABBEBA /* String+Date.swift */,
			);
			path = "Date Extensions";
			sourceTree = "<group>";
		};
		97CC5130224BDF7700ABBEBA /* UIViewController Extensions */ = {
			isa = PBXGroup;
			children = (
				97CC5135224BE06F00ABBEBA /* UIViewController+Navigation.swift */,
				97CC5137224BE10E00ABBEBA /* UIViewController+Alert.swift */,
			);
			path = "UIViewController Extensions";
			sourceTree = "<group>";
		};
/* End PBXGroup section */

/* Begin PBXNativeTarget section */
		97CC5103224BD9BA00ABBEBA /* PetIT */ = {
			isa = PBXNativeTarget;
			buildConfigurationList = 97CC5116224BD9BE00ABBEBA /* Build configuration list for PBXNativeTarget "PetIT" */;
			buildPhases = (
				C16E3A51B1EFFBBF661AFFC3 /* [CP] Check Pods Manifest.lock */,
				97CC5100224BD9BA00ABBEBA /* Sources */,
				97CC5101224BD9BA00ABBEBA /* Frameworks */,
				97CC5102224BD9BA00ABBEBA /* Resources */,
				23C8D6C1273D196864EE8AAC /* [CP] Embed Pods Frameworks */,
			);
			buildRules = (
			);
			dependencies = (
			);
			name = PetIT;
			productName = PetIT;
			productReference = 97CC5104224BD9BA00ABBEBA /* PetIT.app */;
			productType = "com.apple.product-type.application";
		};
/* End PBXNativeTarget section */

/* Begin PBXProject section */
		97CC50FC224BD9BA00ABBEBA /* Project object */ = {
			isa = PBXProject;
			attributes = {
				LastSwiftUpdateCheck = 1010;
				LastUpgradeCheck = 1010;
				ORGANIZATIONNAME = "Stephanie Ramirez";
				TargetAttributes = {
					97CC5103224BD9BA00ABBEBA = {
						CreatedOnToolsVersion = 10.1;
					};
				};
			};
			buildConfigurationList = 97CC50FF224BD9BA00ABBEBA /* Build configuration list for PBXProject "PetIT" */;
			compatibilityVersion = "Xcode 9.3";
			developmentRegion = en;
			hasScannedForEncodings = 0;
			knownRegions = (
				en,
				Base,
			);
			mainGroup = 97CC50FB224BD9BA00ABBEBA;
			productRefGroup = 97CC5105224BD9BA00ABBEBA /* Products */;
			projectDirPath = "";
			projectRoot = "";
			targets = (
				97CC5103224BD9BA00ABBEBA /* PetIT */,
			);
		};
/* End PBXProject section */

/* Begin PBXResourcesBuildPhase section */
		97CC5102224BD9BA00ABBEBA /* Resources */ = {
			isa = PBXResourcesBuildPhase;
			buildActionMask = 2147483647;
			files = (
				97CC5112224BD9BE00ABBEBA /* LaunchScreen.storyboard in Resources */,
				97CC510F224BD9BE00ABBEBA /* Assets.xcassets in Resources */,
				97BC15DA224BFDD6002AE952 /* GoogleService-Info.plist in Resources */,
				97CC510D224BD9BA00ABBEBA /* Main.storyboard in Resources */,
				97CC512E224BDF2B00ABBEBA /* LoginView.storyboard in Resources */,
			);
			runOnlyForDeploymentPostprocessing = 0;
		};
/* End PBXResourcesBuildPhase section */

/* Begin PBXShellScriptBuildPhase section */
		23C8D6C1273D196864EE8AAC /* [CP] Embed Pods Frameworks */ = {
			isa = PBXShellScriptBuildPhase;
			buildActionMask = 2147483647;
			files = (
			);
			inputFileListPaths = (
			);
			inputPaths = (
				"${PODS_ROOT}/Target Support Files/Pods-PetIT/Pods-PetIT-frameworks.sh",
				"${BUILT_PRODUCTS_DIR}/BoringSSL-GRPC/openssl_grpc.framework",
				"${BUILT_PRODUCTS_DIR}/GTMSessionFetcher/GTMSessionFetcher.framework",
				"${BUILT_PRODUCTS_DIR}/GoogleUtilities/GoogleUtilities.framework",
				"${BUILT_PRODUCTS_DIR}/Kingfisher/Kingfisher.framework",
				"${BUILT_PRODUCTS_DIR}/Protobuf/Protobuf.framework",
				"${BUILT_PRODUCTS_DIR}/Toucan/Toucan.framework",
				"${BUILT_PRODUCTS_DIR}/gRPC-C++/grpcpp.framework",
				"${BUILT_PRODUCTS_DIR}/gRPC-Core/grpc.framework",
				"${BUILT_PRODUCTS_DIR}/leveldb-library/leveldb.framework",
				"${BUILT_PRODUCTS_DIR}/nanopb/nanopb.framework",
			);
			name = "[CP] Embed Pods Frameworks";
			outputFileListPaths = (
			);
			outputPaths = (
				"${TARGET_BUILD_DIR}/${FRAMEWORKS_FOLDER_PATH}/openssl_grpc.framework",
				"${TARGET_BUILD_DIR}/${FRAMEWORKS_FOLDER_PATH}/GTMSessionFetcher.framework",
				"${TARGET_BUILD_DIR}/${FRAMEWORKS_FOLDER_PATH}/GoogleUtilities.framework",
				"${TARGET_BUILD_DIR}/${FRAMEWORKS_FOLDER_PATH}/Kingfisher.framework",
				"${TARGET_BUILD_DIR}/${FRAMEWORKS_FOLDER_PATH}/Protobuf.framework",
				"${TARGET_BUILD_DIR}/${FRAMEWORKS_FOLDER_PATH}/Toucan.framework",
				"${TARGET_BUILD_DIR}/${FRAMEWORKS_FOLDER_PATH}/grpcpp.framework",
				"${TARGET_BUILD_DIR}/${FRAMEWORKS_FOLDER_PATH}/grpc.framework",
				"${TARGET_BUILD_DIR}/${FRAMEWORKS_FOLDER_PATH}/leveldb.framework",
				"${TARGET_BUILD_DIR}/${FRAMEWORKS_FOLDER_PATH}/nanopb.framework",
			);
			runOnlyForDeploymentPostprocessing = 0;
			shellPath = /bin/sh;
			shellScript = "\"${PODS_ROOT}/Target Support Files/Pods-PetIT/Pods-PetIT-frameworks.sh\"\n";
			showEnvVarsInLog = 0;
		};
		C16E3A51B1EFFBBF661AFFC3 /* [CP] Check Pods Manifest.lock */ = {
			isa = PBXShellScriptBuildPhase;
			buildActionMask = 2147483647;
			files = (
			);
			inputFileListPaths = (
			);
			inputPaths = (
				"${PODS_PODFILE_DIR_PATH}/Podfile.lock",
				"${PODS_ROOT}/Manifest.lock",
			);
			name = "[CP] Check Pods Manifest.lock";
			outputFileListPaths = (
			);
			outputPaths = (
				"$(DERIVED_FILE_DIR)/Pods-PetIT-checkManifestLockResult.txt",
			);
			runOnlyForDeploymentPostprocessing = 0;
			shellPath = /bin/sh;
			shellScript = "diff \"${PODS_PODFILE_DIR_PATH}/Podfile.lock\" \"${PODS_ROOT}/Manifest.lock\" > /dev/null\nif [ $? != 0 ] ; then\n    # print error to STDERR\n    echo \"error: The sandbox is not in sync with the Podfile.lock. Run 'pod install' or update your CocoaPods installation.\" >&2\n    exit 1\nfi\n# This output is used by Xcode 'outputs' to avoid re-running this script phase.\necho \"SUCCESS\" > \"${SCRIPT_OUTPUT_FILE_0}\"\n";
			showEnvVarsInLog = 0;
		};
/* End PBXShellScriptBuildPhase section */

/* Begin PBXSourcesBuildPhase section */
		97CC5100224BD9BA00ABBEBA /* Sources */ = {
			isa = PBXSourcesBuildPhase;
			buildActionMask = 2147483647;
			files = (
				97CC513E224BE3D400ABBEBA /* EditProfileViewController.swift in Sources */,
				97CC5128224BDE1A00ABBEBA /* CreateAccountViewController.swift in Sources */,
				97CC512C224BDE7400ABBEBA /* MapViewController.swift in Sources */,
				97CC5132224BDFC200ABBEBA /* Date+Extensions.swift in Sources */,
				97CC5140224BE3F100ABBEBA /* PostingDetailViewController.swift in Sources */,
				97CC5136224BE06F00ABBEBA /* UIViewController+Navigation.swift in Sources */,
				97CC5126224BDDC700ABBEBA /* ProfileViewController.swift in Sources */,
				97CC5138224BE10E00ABBEBA /* UIViewController+Alert.swift in Sources */,
				97CC5134224BDFE600ABBEBA /* String+Date.swift in Sources */,
				97CC5124224BDD8300ABBEBA /* TabBarViewController.swift in Sources */,
				97CC513C224BE20100ABBEBA /* MapPostDetailViewController.swift in Sources */,
				97CC512A224BDE2C00ABBEBA /* LoginViewController.swift in Sources */,
				97CC513A224BE1A100ABBEBA /* StorageService.swift in Sources */,
				97CC5108224BD9BA00ABBEBA /* AppDelegate.swift in Sources */,
			);
			runOnlyForDeploymentPostprocessing = 0;
		};
/* End PBXSourcesBuildPhase section */

/* Begin PBXVariantGroup section */
		97CC510B224BD9BA00ABBEBA /* Main.storyboard */ = {
			isa = PBXVariantGroup;
			children = (
				97CC510C224BD9BA00ABBEBA /* Base */,
			);
			name = Main.storyboard;
			sourceTree = "<group>";
		};
		97CC5110224BD9BE00ABBEBA /* LaunchScreen.storyboard */ = {
			isa = PBXVariantGroup;
			children = (
				97CC5111224BD9BE00ABBEBA /* Base */,
			);
			name = LaunchScreen.storyboard;
			sourceTree = "<group>";
		};
/* End PBXVariantGroup section */

/* Begin XCBuildConfiguration section */
		97CC5114224BD9BE00ABBEBA /* Debug */ = {
			isa = XCBuildConfiguration;
			buildSettings = {
				ALWAYS_SEARCH_USER_PATHS = NO;
				CLANG_ANALYZER_NONNULL = YES;
				CLANG_ANALYZER_NUMBER_OBJECT_CONVERSION = YES_AGGRESSIVE;
				CLANG_CXX_LANGUAGE_STANDARD = "gnu++14";
				CLANG_CXX_LIBRARY = "libc++";
				CLANG_ENABLE_MODULES = YES;
				CLANG_ENABLE_OBJC_ARC = YES;
				CLANG_ENABLE_OBJC_WEAK = YES;
				CLANG_WARN_BLOCK_CAPTURE_AUTORELEASING = YES;
				CLANG_WARN_BOOL_CONVERSION = YES;
				CLANG_WARN_COMMA = YES;
				CLANG_WARN_CONSTANT_CONVERSION = YES;
				CLANG_WARN_DEPRECATED_OBJC_IMPLEMENTATIONS = YES;
				CLANG_WARN_DIRECT_OBJC_ISA_USAGE = YES_ERROR;
				CLANG_WARN_DOCUMENTATION_COMMENTS = YES;
				CLANG_WARN_EMPTY_BODY = YES;
				CLANG_WARN_ENUM_CONVERSION = YES;
				CLANG_WARN_INFINITE_RECURSION = YES;
				CLANG_WARN_INT_CONVERSION = YES;
				CLANG_WARN_NON_LITERAL_NULL_CONVERSION = YES;
				CLANG_WARN_OBJC_IMPLICIT_RETAIN_SELF = YES;
				CLANG_WARN_OBJC_LITERAL_CONVERSION = YES;
				CLANG_WARN_OBJC_ROOT_CLASS = YES_ERROR;
				CLANG_WARN_RANGE_LOOP_ANALYSIS = YES;
				CLANG_WARN_STRICT_PROTOTYPES = YES;
				CLANG_WARN_SUSPICIOUS_MOVE = YES;
				CLANG_WARN_UNGUARDED_AVAILABILITY = YES_AGGRESSIVE;
				CLANG_WARN_UNREACHABLE_CODE = YES;
				CLANG_WARN__DUPLICATE_METHOD_MATCH = YES;
				CODE_SIGN_IDENTITY = "iPhone Developer";
				COPY_PHASE_STRIP = NO;
				DEBUG_INFORMATION_FORMAT = dwarf;
				ENABLE_STRICT_OBJC_MSGSEND = YES;
				ENABLE_TESTABILITY = YES;
				GCC_C_LANGUAGE_STANDARD = gnu11;
				GCC_DYNAMIC_NO_PIC = NO;
				GCC_NO_COMMON_BLOCKS = YES;
				GCC_OPTIMIZATION_LEVEL = 0;
				GCC_PREPROCESSOR_DEFINITIONS = (
					"DEBUG=1",
					"$(inherited)",
				);
				GCC_WARN_64_TO_32_BIT_CONVERSION = YES;
				GCC_WARN_ABOUT_RETURN_TYPE = YES_ERROR;
				GCC_WARN_UNDECLARED_SELECTOR = YES;
				GCC_WARN_UNINITIALIZED_AUTOS = YES_AGGRESSIVE;
				GCC_WARN_UNUSED_FUNCTION = YES;
				GCC_WARN_UNUSED_VARIABLE = YES;
				IPHONEOS_DEPLOYMENT_TARGET = 12.1;
				MTL_ENABLE_DEBUG_INFO = INCLUDE_SOURCE;
				MTL_FAST_MATH = YES;
				ONLY_ACTIVE_ARCH = YES;
				SDKROOT = iphoneos;
				SWIFT_ACTIVE_COMPILATION_CONDITIONS = DEBUG;
				SWIFT_OPTIMIZATION_LEVEL = "-Onone";
			};
			name = Debug;
		};
		97CC5115224BD9BE00ABBEBA /* Release */ = {
			isa = XCBuildConfiguration;
			buildSettings = {
				ALWAYS_SEARCH_USER_PATHS = NO;
				CLANG_ANALYZER_NONNULL = YES;
				CLANG_ANALYZER_NUMBER_OBJECT_CONVERSION = YES_AGGRESSIVE;
				CLANG_CXX_LANGUAGE_STANDARD = "gnu++14";
				CLANG_CXX_LIBRARY = "libc++";
				CLANG_ENABLE_MODULES = YES;
				CLANG_ENABLE_OBJC_ARC = YES;
				CLANG_ENABLE_OBJC_WEAK = YES;
				CLANG_WARN_BLOCK_CAPTURE_AUTORELEASING = YES;
				CLANG_WARN_BOOL_CONVERSION = YES;
				CLANG_WARN_COMMA = YES;
				CLANG_WARN_CONSTANT_CONVERSION = YES;
				CLANG_WARN_DEPRECATED_OBJC_IMPLEMENTATIONS = YES;
				CLANG_WARN_DIRECT_OBJC_ISA_USAGE = YES_ERROR;
				CLANG_WARN_DOCUMENTATION_COMMENTS = YES;
				CLANG_WARN_EMPTY_BODY = YES;
				CLANG_WARN_ENUM_CONVERSION = YES;
				CLANG_WARN_INFINITE_RECURSION = YES;
				CLANG_WARN_INT_CONVERSION = YES;
				CLANG_WARN_NON_LITERAL_NULL_CONVERSION = YES;
				CLANG_WARN_OBJC_IMPLICIT_RETAIN_SELF = YES;
				CLANG_WARN_OBJC_LITERAL_CONVERSION = YES;
				CLANG_WARN_OBJC_ROOT_CLASS = YES_ERROR;
				CLANG_WARN_RANGE_LOOP_ANALYSIS = YES;
				CLANG_WARN_STRICT_PROTOTYPES = YES;
				CLANG_WARN_SUSPICIOUS_MOVE = YES;
				CLANG_WARN_UNGUARDED_AVAILABILITY = YES_AGGRESSIVE;
				CLANG_WARN_UNREACHABLE_CODE = YES;
				CLANG_WARN__DUPLICATE_METHOD_MATCH = YES;
				CODE_SIGN_IDENTITY = "iPhone Developer";
				COPY_PHASE_STRIP = NO;
				DEBUG_INFORMATION_FORMAT = "dwarf-with-dsym";
				ENABLE_NS_ASSERTIONS = NO;
				ENABLE_STRICT_OBJC_MSGSEND = YES;
				GCC_C_LANGUAGE_STANDARD = gnu11;
				GCC_NO_COMMON_BLOCKS = YES;
				GCC_WARN_64_TO_32_BIT_CONVERSION = YES;
				GCC_WARN_ABOUT_RETURN_TYPE = YES_ERROR;
				GCC_WARN_UNDECLARED_SELECTOR = YES;
				GCC_WARN_UNINITIALIZED_AUTOS = YES_AGGRESSIVE;
				GCC_WARN_UNUSED_FUNCTION = YES;
				GCC_WARN_UNUSED_VARIABLE = YES;
				IPHONEOS_DEPLOYMENT_TARGET = 12.1;
				MTL_ENABLE_DEBUG_INFO = NO;
				MTL_FAST_MATH = YES;
				SDKROOT = iphoneos;
				SWIFT_COMPILATION_MODE = wholemodule;
				SWIFT_OPTIMIZATION_LEVEL = "-O";
				VALIDATE_PRODUCT = YES;
			};
			name = Release;
		};
		97CC5117224BD9BE00ABBEBA /* Debug */ = {
			isa = XCBuildConfiguration;
			baseConfigurationReference = 91F7D1F91D5D5338A9CDCB33 /* Pods-PetIT.debug.xcconfig */;
			buildSettings = {
				ASSETCATALOG_COMPILER_APPICON_NAME = AppIcon;
				CODE_SIGN_STYLE = Automatic;
				DEVELOPMENT_TEAM = FSUP887MQU;
				INFOPLIST_FILE = PetIT/Info.plist;
				LD_RUNPATH_SEARCH_PATHS = (
					"$(inherited)",
					"@executable_path/Frameworks",
				);
				PRODUCT_BUNDLE_IDENTIFIER = "Pursuit-Unit-2.PetIT";
				PRODUCT_NAME = "$(TARGET_NAME)";
				SWIFT_VERSION = 4.2;
				TARGETED_DEVICE_FAMILY = "1,2";
			};
			name = Debug;
		};
		97CC5118224BD9BE00ABBEBA /* Release */ = {
			isa = XCBuildConfiguration;
			baseConfigurationReference = 3538685A5C69D9751B93A884 /* Pods-PetIT.release.xcconfig */;
			buildSettings = {
				ASSETCATALOG_COMPILER_APPICON_NAME = AppIcon;
				CODE_SIGN_STYLE = Automatic;
				DEVELOPMENT_TEAM = FSUP887MQU;
				INFOPLIST_FILE = PetIT/Info.plist;
				LD_RUNPATH_SEARCH_PATHS = (
					"$(inherited)",
					"@executable_path/Frameworks",
				);
				PRODUCT_BUNDLE_IDENTIFIER = "Pursuit-Unit-2.PetIT";
				PRODUCT_NAME = "$(TARGET_NAME)";
				SWIFT_VERSION = 4.2;
				TARGETED_DEVICE_FAMILY = "1,2";
			};
			name = Release;
		};
/* End XCBuildConfiguration section */

/* Begin XCConfigurationList section */
		97CC50FF224BD9BA00ABBEBA /* Build configuration list for PBXProject "PetIT" */ = {
			isa = XCConfigurationList;
			buildConfigurations = (
				97CC5114224BD9BE00ABBEBA /* Debug */,
				97CC5115224BD9BE00ABBEBA /* Release */,
			);
			defaultConfigurationIsVisible = 0;
			defaultConfigurationName = Release;
		};
		97CC5116224BD9BE00ABBEBA /* Build configuration list for PBXNativeTarget "PetIT" */ = {
			isa = XCConfigurationList;
			buildConfigurations = (
				97CC5117224BD9BE00ABBEBA /* Debug */,
				97CC5118224BD9BE00ABBEBA /* Release */,
			);
			defaultConfigurationIsVisible = 0;
			defaultConfigurationName = Release;
		};
/* End XCConfigurationList section */
	};
	rootObject = 97CC50FC224BD9BA00ABBEBA /* Project object */;
}
